<?xml version="1.0" encoding="utf-8"?>
<Project ToolsVersion="4.0" xmlns="http://schemas.microsoft.com/developer/msbuild/2003">
  <ItemGroup>
    <ClCompile Include="main.cpp" />
    <ClCompile Include="main_menu.cpp" />
    <ClCompile Include="command_window.cpp" />
    <ClCompile Include="printutils.cpp" />
    <ClCompile Include="utils.cpp" />
    <ClCompile Include="room_editor.cpp" />
    <ClCompile Include="object_editor.cpp" />
    <ClCompile Include="exit_editor.cpp" />
    <ClCompile Include="creature_editor.cpp" />
    <ClCompile Include="text_editor.cpp" />
    <ClCompile Include="dungeon_engine.cpp" />
    <ClCompile Include="effect_editor.cpp" />
    <ClCompile Include="action_editor.cpp" />
    <ClCompile Include="dungeon_action.cpp" />
    <ClCompile Include="dungeon_creature.cpp" />
    <ClCompile Include="dungeon_effect.cpp" />
    <ClCompile Include="dungeon_entity.cpp" />
    <ClCompile Include="dungeon_object.cpp" />
    <ClCompile Include="dungeon_player.cpp" />
    <ClCompile Include="dungeon_room.cpp" />
    <ClCompile Include="dungeon_exit.cpp" />
    <ClCompile Include="room_list.cpp" />
    <ClCompile Include="object_list.cpp" />
    <ClCompile Include="dungeon_trigger.cpp" />
    <ClCompile Include="trigger_editor.cpp" />
    <ClCompile Include="dungeon_serializer.cpp" />
    <ClCompile Include="json.c" />
    <ClCompile Include="abstract_editor.cpp" />
  </ItemGroup>
  <ItemGroup>
    <ClInclude Include="headers\room_editor.h" />
    <ClInclude Include="headers\command_window.h" />
    <ClInclude Include="headers\main_menu.h" />
    <ClInclude Include="headers\printutils.h" />
    <ClInclude Include="headers\utils.h" />
    <ClInclude Include="headers\object_editor.h" />
    <ClInclude Include="headers\exit_editor.h" />
    <ClInclude Include="headers\creature_editor.h" />
    <ClInclude Include="headers\text_editor.h" />
    <ClInclude Include="headers\string_constants.h" />
    <ClInclude Include="headers\dungeon_engine.h" />
    <ClInclude Include="headers\pdcurses.h" />
    <ClInclude Include="headers\lib.h" />
    <ClInclude Include="headers\effect_editor.h" />
    <ClInclude Include="headers\action_editor.h" />
    <ClInclude Include="headers\dungeon_action.h" />
    <ClInclude Include="headers\dungeon_creature.h" />
    <ClInclude Include="headers\dungeon_effect.h" />
    <ClInclude Include="headers\dungeon_entity.h" />
    <ClInclude Include="headers\dungeon_object.h" />
    <ClInclude Include="headers\dungeon_player.h" />
    <ClInclude Include="headers\dungeon_room.h" />
    <ClInclude Include="headers\dungeon_exit.h" />
    <ClInclude Include="headers\room_list.h" />
    <ClInclude Include="headers\object_list.h" />
    <ClInclude Include="headers\dungeon_trigger.h" />
    <ClInclude Include="headers\trigger_editor.h" />
    <ClInclude Include="headers\dungeon_serializer.h" />
    <ClInclude Include="headers\json.h" />
    <ClInclude Include="headers\abstract_editor.h" />
  </ItemGroup>
  <ItemGroup>
    <Library Include="lib\pdcurses.lib" />
  </ItemGroup>
  <ItemGroup>
    <None Include="makefile" />
  </ItemGroup>
</Project>