<?xml version="1.0" encoding="utf-8"?>
<Project ToolsVersion="4.0" xmlns="http://schemas.microsoft.com/developer/msbuild/2003">
  <ItemGroup>
    <ClCompile Include="main.cpp" />
    <ClCompile Include="main_menu.cpp" />
    <ClCompile Include="command_window.cpp" />
    <ClCompile Include="printutils.cpp" />
    <ClCompile Include="utils.cpp" />
    <ClCompile Include="room_editor.cpp" />
    <ClCompile Include="object_editor.cpp" />
    <ClCompile Include="exit_editor.cpp" />
    <ClCompile Include="creature_editor.cpp" />
    <ClCompile Include="text_editor.cpp" />
    <ClCompile Include="room_player.cpp" />
    <ClCompile Include="dungeon_display.cpp" />
  </ItemGroup>
  <ItemGroup>
    <ClInclude Include="headers\curses.h" />
    <ClInclude Include="headers\panel.h" />
    <ClInclude Include="headers\room_editor.h" />
    <ClInclude Include="headers\dungeon_data.h" />
    <ClInclude Include="headers\command_window.h" />
    <ClInclude Include="headers\main_menu.h" />
    <ClInclude Include="headers\printutils.h" />
    <ClInclude Include="headers\utils.h" />
    <ClInclude Include="headers\object_editor.h" />
    <ClInclude Include="headers\exit_editor.h" />
    <ClInclude Include="headers\creature_editor.h" />
    <ClInclude Include="headers\text_editor.h" />
    <ClInclude Include="headers\room_player.h" />
    <ClInclude Include="headers\dungeon_display.h" />
  </ItemGroup>
</Project>